cookbook 'minitest-handler', :locked_version => '0.1.2'
cookbook 'ckp-lamp', :path => '/Users/caryp/cookbooks/ckp-lamp'
cookbook 'chef_handler', :locked_version => '1.1.2'
cookbook 'git', :locked_version => '2.1.0'
cookbook 'dmg', :locked_version => '1.1.0'
cookbook 'runit', :locked_version => '0.16.0'
cookbook 'build-essential', :locked_version => '1.1.2'
cookbook 'yum', :locked_version => '2.0.6'
cookbook 'windows', :locked_version => '1.6.0'
cookbook 'application', :locked_version => '2.0.2'
cookbook 'application_php', :locked_version => '1.1.0'
cookbook 'apache2', :locked_version => '1.6.0'
cookbook 'php', :locked_version => '1.1.8'
cookbook 'xml', :locked_version => '1.0.4'
cookbook 'mysql', :locked_version => '1.3.0'
cookbook 'openssl', :locked_version => '1.0.0'
cookbook 'database', :locked_version => '1.3.6'
cookbook 'postgresql', :locked_version => '2.0.2'
cookbook 'aws', :locked_version => '0.100.2'
cookbook 'xfs', :locked_version => '1.0.0'